// !$*UTF8*$!
{
	archiveVersion = 1;
	classes = {
	};
	objectVersion = 46;
	objects = {

/* Begin PBXBuildFile section */
		AEAC26AB1C56086500F74808 /* main.m in Sources */ = {isa = PBXBuildFile; fileRef = AEAC26AA1C56086500F74808 /* main.m */; };
		AEAC26AE1C56086500F74808 /* AppDelegate.m in Sources */ = {isa = PBXBuildFile; fileRef = AEAC26AD1C56086500F74808 /* AppDelegate.m */; };
		AEAC26B11C56086500F74808 /* ViewController.m in Sources */ = {isa = PBXBuildFile; fileRef = AEAC26B01C56086500F74808 /* ViewController.m */; };
		AEAC26B41C56086500F74808 /* Main.storyboard in Resources */ = {isa = PBXBuildFile; fileRef = AEAC26B21C56086500F74808 /* Main.storyboard */; };
		AEAC26B61C56086500F74808 /* Assets.xcassets in Resources */ = {isa = PBXBuildFile; fileRef = AEAC26B51C56086500F74808 /* Assets.xcassets */; };
		AEAC26B91C56086500F74808 /* LaunchScreen.storyboard in Resources */ = {isa = PBXBuildFile; fileRef = AEAC26B71C56086500F74808 /* LaunchScreen.storyboard */; };
		AEAC26C21C56094300F74808 /* MEKAnimationUtil.m in Sources */ = {isa = PBXBuildFile; fileRef = AEAC26C11C56094300F74808 /* MEKAnimationUtil.m */; };
/* End PBXBuildFile section */

/* Begin PBXFileReference section */
		AEAC26A61C56086400F74808 /* AutolayoutAnimationDemo.app */ = {isa = PBXFileReference; explicitFileType = wrapper.application; includeInIndex = 0; path = AutolayoutAnimationDemo.app; sourceTree = BUILT_PRODUCTS_DIR; };
		AEAC26AA1C56086500F74808 /* main.m */ = {isa = PBXFileReference; lastKnownFileType = sourcecode.c.objc; path = main.m; sourceTree = "<group>"; };
		AEAC26AC1C56086500F74808 /* AppDelegate.h */ = {isa = PBXFileReference; lastKnownFileType = sourcecode.c.h; path = AppDelegate.h; sourceTree = "<group>"; };
		AEAC26AD1C56086500F74808 /* AppDelegate.m */ = {isa = PBXFileReference; lastKnownFileType = sourcecode.c.objc; path = AppDelegate.m; sourceTree = "<group>"; };
		AEAC26AF1C56086500F74808 /* ViewController.h */ = {isa = PBXFileReference; lastKnownFileType = sourcecode.c.h; path = ViewController.h; sourceTree = "<group>"; };
		AEAC26B01C56086500F74808 /* ViewController.m */ = {isa = PBXFileReference; lastKnownFileType = sourcecode.c.objc; path = ViewController.m; sourceTree = "<group>"; };
		AEAC26B31C56086500F74808 /* Base */ = {isa = PBXFileReference; lastKnownFileType = file.storyboard; name = Base; path = Base.lproj/Main.storyboard; sourceTree = "<group>"; };
		AEAC26B51C56086500F74808 /* Assets.xcassets */ = {isa = PBXFileReference; lastKnownFileType = folder.assetcatalog; path = Assets.xcassets; sourceTree = "<group>"; };
		AEAC26B81C56086500F74808 /* Base */ = {isa = PBXFileReference; lastKnownFileType = file.storyboard; name = Base; path = Base.lproj/LaunchScreen.storyboard; sourceTree = "<group>"; };
		AEAC26BA1C56086500F74808 /* Info.plist */ = {isa = PBXFileReference; lastKnownFileType = text.plist.xml; path = Info.plist; sourceTree = "<group>"; };
		AEAC26C01C56094300F74808 /* MEKAnimationUtil.h */ = {isa = PBXFileReference; fileEncoding = 4; lastKnownFileType = sourcecode.c.h; path = MEKAnimationUtil.h; sourceTree = "<group>"; };
		AEAC26C11C56094300F74808 /* MEKAnimationUtil.m */ = {isa = PBXFileReference; fileEncoding = 4; lastKnownFileType = sourcecode.c.objc; path = MEKAnimationUtil.m; sourceTree = "<group>"; };
/* End PBXFileReference section */

/* Begin PBXFrameworksBuildPhase section */
		AEAC26A31C56086400F74808 /* Frameworks */ = {
			isa = PBXFrameworksBuildPhase;
			buildActionMask = 2147483647;
			files = (
			);
			runOnlyForDeploymentPostprocessing = 0;
		};
/* End PBXFrameworksBuildPhase section */

/* Begin PBXGroup section */
		AEAC269D1C56086400F74808 = {
			isa = PBXGroup;
			children = (
				AEAC26A81C56086500F74808 /* AutolayoutAnimationDemo */,
				AEAC26A71C56086400F74808 /* Products */,
			);
			sourceTree = "<group>";
		};
		AEAC26A71C56086400F74808 /* Products */ = {
			isa = PBXGroup;
			children = (
				AEAC26A61C56086400F74808 /* AutolayoutAnimationDemo.app */,
			);
			name = Products;
			sourceTree = "<group>";
		};
		AEAC26A81C56086500F74808 /* AutolayoutAnimationDemo */ = {
			isa = PBXGroup;
			children = (
				AEAC26AC1C56086500F74808 /* AppDelegate.h */,
				AEAC26AD1C56086500F74808 /* AppDelegate.m */,
				AEAC26AF1C56086500F74808 /* ViewController.h */,
				AEAC26B01C56086500F74808 /* ViewController.m */,
				AEAC26B21C56086500F74808 /* Main.storyboard */,
				AEAC26B51C56086500F74808 /* Assets.xcassets */,
				AEAC26B71C56086500F74808 /* LaunchScreen.storyboard */,
				AEAC26BA1C56086500F74808 /* Info.plist */,
				AEAC26A91C56086500F74808 /* Supporting Files */,
				AEAC26C01C56094300F74808 /* MEKAnimationUtil.h */,
				AEAC26C11C56094300F74808 /* MEKAnimationUtil.m */,
			);
			path = AutolayoutAnimationDemo;
			sourceTree = "<group>";
		};
		AEAC26A91C56086500F74808 /* Supporting Files */ = {
			isa = PBXGroup;
			children = (
				AEAC26AA1C56086500F74808 /* main.m */,
			);
			name = "Supporting Files";
			sourceTree = "<group>";
		};
/* End PBXGroup section */

/* Begin PBXNativeTarget section */
		AEAC26A51C56086400F74808 /* AutolayoutAnimationDemo */ = {
			isa = PBXNativeTarget;
			buildConfigurationList = AEAC26BD1C56086500F74808 /* Build configuration list for PBXNativeTarget "AutolayoutAnimationDemo" */;
			buildPhases = (
				AEAC26A21C56086400F74808 /* Sources */,
				AEAC26A31C56086400F74808 /* Frameworks */,
				AEAC26A41C56086400F74808 /* Resources */,
			);
			buildRules = (
			);
			dependencies = (
			);
			name = AutolayoutAnimationDemo;
			productName = AutolayoutAnimationDemo;
			productReference = AEAC26A61C56086400F74808 /* AutolayoutAnimationDemo.app */;
			productType = "com.apple.product-type.application";
		};
/* End PBXNativeTarget section */

/* Begin PBXProject section */
		AEAC269E1C56086400F74808 /* Project object */ = {
			isa = PBXProject;
			attributes = {
				CLASSPREFIX = MEK;
				LastUpgradeCheck = 0720;
				ORGANIZATIONNAME = mekhi;
				TargetAttributes = {
					AEAC26A51C56086400F74808 = {
						CreatedOnToolsVersion = 7.2;
						DevelopmentTeam = TH9TJET2FB;
					};
				};
			};
			buildConfigurationList = AEAC26A11C56086400F74808 /* Build configuration list for PBXProject "AutolayoutAnimationDemo" */;
			compatibilityVersion = "Xcode 3.2";
			developmentRegion = English;
			hasScannedForEncodings = 0;
			knownRegions = (
				en,
				Base,
			);
			mainGroup = AEAC269D1C56086400F74808;
			productRefGroup = AEAC26A71C56086400F74808 /* Products */;
			projectDirPath = "";
			projectRoot = "";
			targets = (
				AEAC26A51C56086400F74808 /* AutolayoutAnimationDemo */,
			);
		};
/* End PBXProject section */

/* Begin PBXResourcesBuildPhase section */
		AEAC26A41C56086400F74808 /* Resources */ = {
			isa = PBXResourcesBuildPhase;
			buildActionMask = 2147483647;
			files = (
				AEAC26B91C56086500F74808 /* LaunchScreen.storyboard in Resources */,
				AEAC26B61C56086500F74808 /* Assets.xcassets in Resources */,
				AEAC26B41C56086500F74808 /* Main.storyboard in Resources */,
			);
			runOnlyForDeploymentPostprocessing = 0;
		};
/* End PBXResourcesBuildPhase section */

/* Begin PBXSourcesBuildPhase section */
		AEAC26A21C56086400F74808 /* Sources */ = {
			isa = PBXSourcesBuildPhase;
			buildActionMask = 2147483647;
			files = (
				AEAC26C21C56094300F74808 /* MEKAnimationUtil.m in Sources */,
				AEAC26B11C56086500F74808 /* ViewController.m in Sources */,
				AEAC26AE1C56086500F74808 /* AppDelegate.m in Sources */,
				AEAC26AB1C56086500F74808 /* main.m in Sources */,
			);
			runOnlyForDeploymentPostprocessing = 0;
		};
/* End PBXSourcesBuildPhase section */

/* Begin PBXVariantGroup section */
		AEAC26B21C56086500F74808 /* Main.storyboard */ = {
			isa = PBXVariantGroup;
			children = (
				AEAC26B31C56086500F74808 /* Base */,
			);
			name = Main.storyboard;
			sourceTree = "<group>";
		};
		AEAC26B71C56086500F74808 /* LaunchScreen.storyboard */ = {
			isa = PBXVariantGroup;
			children = (
				AEAC26B81C56086500F74808 /* Base */,
			);
			name = LaunchScreen.storyboard;
			sourceTree = "<group>";
		};
/* End PBXVariantGroup section */

/* Begin XCBuildConfiguration section */
		AEAC26BB1C56086500F74808 /* Debug */ = {
			isa = XCBuildConfiguration;
			buildSettings = {
				ALWAYS_SEARCH_USER_PATHS = NO;
				CLANG_CXX_LANGUAGE_STANDARD = "gnu++0x";
				CLANG_CXX_LIBRARY = "libc++";
				CLANG_ENABLE_MODULES = YES;
				CLANG_ENABLE_OBJC_ARC = YES;
				CLANG_WARN_BOOL_CONVERSION = YES;
				CLANG_WARN_CONSTANT_CONVERSION = YES;
				CLANG_WARN_DIRECT_OBJC_ISA_USAGE = YES_ERROR;
				CLANG_WARN_EMPTY_BODY = YES;
				CLANG_WARN_ENUM_CONVERSION = YES;
				CLANG_WARN_INT_CONVERSION = YES;
				CLANG_WARN_OBJC_ROOT_CLASS = YES_ERROR;
				CLANG_WARN_UNREACHABLE_CODE = YES;
				CLANG_WARN__DUPLICATE_METHOD_MATCH = YES;
				"CODE_SIGN_IDENTITY[sdk=iphoneos*]" = "iPhone Developer";
				COPY_PHASE_STRIP = NO;
				DEBUG_INFORMATION_FORMAT = dwarf;
				ENABLE_STRICT_OBJC_MSGSEND = YES;
				ENABLE_TESTABILITY = YES;
				GCC_C_LANGUAGE_STANDARD = gnu99;
				GCC_DYNAMIC_NO_PIC = NO;
				GCC_NO_COMMON_BLOCKS = YES;
				GCC_OPTIMIZATION_LEVEL = 0;
				GCC_PREPROCESSOR_DEFINITIONS = (
					"DEBUG=1",
					"$(inherited)",
				);
				GCC_WARN_64_TO_32_BIT_CONVERSION = YES;
				GCC_WARN_ABOUT_RETURN_TYPE = YES_ERROR;
				GCC_WARN_UNDECLARED_SELECTOR = YES;
				GCC_WARN_UNINITIALIZED_AUTOS = YES_AGGRESSIVE;
				GCC_WARN_UNUSED_FUNCTION = YES;
				GCC_WARN_UNUSED_VARIABLE = YES;
				IPHONEOS_DEPLOYMENT_TARGET = 9.2;
				MTL_ENABLE_DEBUG_INFO = YES;
				ONLY_ACTIVE_ARCH = YES;
				SDKROOT = iphoneos;
			};
			name = Debug;
		};
		AEAC26BC1C56086500F74808 /* Release */ = {
			isa = XCBuildConfiguration;
			buildSettings = {
				ALWAYS_SEARCH_USER_PATHS = NO;
				CLANG_CXX_LANGUAGE_STANDARD = "gnu++0x";
				CLANG_CXX_LIBRARY = "libc++";
				CLANG_ENABLE_MODULES = YES;
				CLANG_ENABLE_OBJC_ARC = YES;
				CLANG_WARN_BOOL_CONVERSION = YES;
				CLANG_WARN_CONSTANT_CONVERSION = YES;
				CLANG_WARN_DIRECT_OBJC_ISA_USAGE = YES_ERROR;
				CLANG_WARN_EMPTY_BODY = YES;
				CLANG_WARN_ENUM_CONVERSION = YES;
				CLANG_WARN_INT_CONVERSION = YES;
				CLANG_WARN_OBJC_ROOT_CLASS = YES_ERROR;
				CLANG_WARN_UNREACHABLE_CODE = YES;
				CLANG_WARN__DUPLICATE_METHOD_MATCH = YES;
				"CODE_SIGN_IDENTITY[sdk=iphoneos*]" = "iPhone Developer";
				COPY_PHASE_STRIP = NO;
				DEBUG_INFORMATION_FORMAT = "dwarf-with-dsym";
				ENABLE_NS_ASSERTIONS = NO;
				ENABLE_STRICT_OBJC_MSGSEND = YES;
				GCC_C_LANGUAGE_STANDARD = gnu99;
				GCC_NO_COMMON_BLOCKS = YES;
				GCC_WARN_64_TO_32_BIT_CONVERSION = YES;
				GCC_WARN_ABOUT_RETURN_TYPE = YES_ERROR;
				GCC_WARN_UNDECLARED_SELECTOR = YES;
				GCC_WARN_UNINITIALIZED_AUTOS = YES_AGGRESSIVE;
				GCC_WARN_UNUSED_FUNCTION = YES;
				GCC_WARN_UNUSED_VARIABLE = YES;
				IPHONEOS_DEPLOYMENT_TARGET = 9.2;
				MTL_ENABLE_DEBUG_INFO = NO;
				SDKROOT = iphoneos;
				VALIDATE_PRODUCT = YES;
			};
			name = Release;
		};
		AEAC26BE1C56086500F74808 /* Debug */ = {
			isa = XCBuildConfiguration;
			buildSettings = {
				ASSETCATALOG_COMPILER_APPICON_NAME = AppIcon;
				INFOPLIST_FILE = AutolayoutAnimationDemo/Info.plist;
				IPHONEOS_DEPLOYMENT_TARGET = 8.0;
				LD_RUNPATH_SEARCH_PATHS = "$(inherited) @executable_path/Frameworks";
				PRODUCT_BUNDLE_IDENTIFIER = com.1gcode.AutolayoutAnimationDemo;
				PRODUCT_NAME = "$(TARGET_NAME)";
			};
			name = Debug;
		};
		AEAC26BF1C56086500F74808 /* Release */ = {
			isa = XCBuildConfiguration;
			buildSettings = {
				ASSETCATALOG_COMPILER_APPICON_NAME = AppIcon;
				INFOPLIST_FILE = AutolayoutAnimationDemo/Info.plist;
				IPHONEOS_DEPLOYMENT_TARGET = 8.0;
				LD_RUNPATH_SEARCH_PATHS = "$(inherited) @executable_path/Frameworks";
				PRODUCT_BUNDLE_IDENTIFIER = com.1gcode.AutolayoutAnimationDemo;
				PRODUCT_NAME = "$(TARGET_NAME)";
			};
			name = Release;
		};
/* End XCBuildConfiguration section */

/* Begin XCConfigurationList section */
		AEAC26A11C56086400F74808 /* Build configuration list for PBXProject "AutolayoutAnimationDemo" */ = {
			isa = XCConfigurationList;
			buildConfigurations = (
				AEAC26BB1C56086500F74808 /* Debug */,
				AEAC26BC1C56086500F74808 /* Release */,
			);
			defaultConfigurationIsVisible = 0;
			defaultConfigurationName = Release;
		};
		AEAC26BD1C56086500F74808 /* Build configuration list for PBXNativeTarget "AutolayoutAnimationDemo" */ = {
			isa = XCConfigurationList;
			buildConfigurations = (
				AEAC26BE1C56086500F74808 /* Debug */,
				AEAC26BF1C56086500F74808 /* Release */,
			);
			defaultConfigurationIsVisible = 0;
		};
/* End XCConfigurationList section */
	};
	rootObject = AEAC269E1C56086400F74808 /* Project object */;
}
